<?xml version="1.0" encoding="utf-8"?>
<Project ToolsVersion="4.0" xmlns="http://schemas.microsoft.com/developer/msbuild/2003">
  <ItemGroup>
    <Filter Include="Source Files">
      <UniqueIdentifier>{4FC737F1-C7A5-4376-A066-2A32D752A2FF}</UniqueIdentifier>
      <Extensions>cpp;c;cc;cxx;def;odl;idl;hpj;bat;asm;asmx</Extensions>
    </Filter>
    <Filter Include="Header Files">
      <UniqueIdentifier>{93995380-89BD-4b04-88EB-625FBE52EBFB}</UniqueIdentifier>
      <Extensions>h;hpp;hxx;hm;inl;inc;xsd</Extensions>
    </Filter>
    <Filter Include="Resource Files">
      <UniqueIdentifier>{67DA6AB6-F800-4c08-8B7A-83BB121AAD01}</UniqueIdentifier>
      <Extensions>rc;ico;cur;bmp;dlg;rc2;rct;bin;rgs;gif;jpg;jpeg;jpe;resx;tiff;tif;png;wav;mfcribbon-ms</Extensions>
    </Filter>
    <Filter Include="shader">
      <UniqueIdentifier>{ea68f8b5-dcce-49ce-a296-202e4df015fd}</UniqueIdentifier>
    </Filter>
  </ItemGroup>
  <ItemGroup>
    <ClInclude Include="error.h">
      <Filter>Header Files</Filter>
    </ClInclude>
    <ClInclude Include="ShaderProgram.h">
      <Filter>Header Files</Filter>
    </ClInclude>
    <ClInclude Include="utility.h">
      <Filter>Header Files</Filter>
    </ClInclude>
    <ClInclude Include="Camera.h">
      <Filter>Header Files</Filter>
    </ClInclude>
    <ClInclude Include="SceneObject.h">
      <Filter>Header Files</Filter>
    </ClInclude>
    <ClInclude Include="RoomObject.h">
      <Filter>Header Files</Filter>
    </ClInclude>
    <ClInclude Include="RenderPass.h">
      <Filter>Header Files</Filter>
    </ClInclude>
    <ClInclude Include="SimplePassShader.h">
      <Filter>Header Files</Filter>
    </ClInclude>
    <ClInclude Include="SceneMeshObject.h">
      <Filter>Header Files</Filter>
    </ClInclude>
    <ClInclude Include="SimplePass.h">
      <Filter>Header Files</Filter>
    </ClInclude>
    <ClInclude Include="RenderTargetManager.h">
      <Filter>Header Files</Filter>
    </ClInclude>
    <ClInclude Include="GBufferGenPass.h">
      <Filter>Header Files</Filter>
    </ClInclude>
    <ClInclude Include="GBufferGenPassShader.h">
      <Filter>Header Files</Filter>
    </ClInclude>
    <ClInclude Include="OpenGLHeader.h">
      <Filter>Header Files</Filter>
    </ClInclude>
    <ClInclude Include="GLUTHeader.h">
      <Filter>Header Files</Filter>
    </ClInclude>
    <ClInclude Include="LightViewPass.h">
      <Filter>Header Files</Filter>
    </ClInclude>
    <ClInclude Include="LightViewPassShader.h">
      <Filter>Header Files</Filter>
    </ClInclude>
    <ClInclude Include="ShaderWithLight.h">
      <Filter>Header Files</Filter>
    </ClInclude>
    <ClInclude Include="ShaderWithMaterial.h">
      <Filter>Header Files</Filter>
    </ClInclude>
    <ClInclude Include="ShaderWithGeometry.h">
      <Filter>Header Files</Filter>
    </ClInclude>
    <ClInclude Include="TextureLoader.h">
      <Filter>Header Files</Filter>
    </ClInclude>
    <ClInclude Include="ShowTexturePass.h">
      <Filter>Header Files</Filter>
    </ClInclude>
    <ClInclude Include="ShowTexturePassShader.h">
      <Filter>Header Files</Filter>
    </ClInclude>
    <ClInclude Include="DrawCalls.h">
      <Filter>Header Files</Filter>
    </ClInclude>
    <ClInclude Include="ConfigFile.h">
      <Filter>Header Files</Filter>
    </ClInclude>
    <ClInclude Include="LayerPass.h">
      <Filter>Header Files</Filter>
    </ClInclude>
    <ClInclude Include="LayerPassShader.h">
      <Filter>Header Files</Filter>
    </ClInclude>
  </ItemGroup>
  <ItemGroup>
    <ClCompile Include="ShaderProgram.cpp">
      <Filter>Source Files</Filter>
    </ClCompile>
    <ClCompile Include="main.cpp">
      <Filter>Source Files</Filter>
    </ClCompile>
    <ClCompile Include="Camera.cpp">
      <Filter>Source Files</Filter>
    </ClCompile>
    <ClCompile Include="SceneObject.cpp">
      <Filter>Source Files</Filter>
    </ClCompile>
    <ClCompile Include="RoomObject.cpp">
      <Filter>Source Files</Filter>
    </ClCompile>
    <ClCompile Include="SimplePassShader.cpp">
      <Filter>Source Files</Filter>
    </ClCompile>
    <ClCompile Include="SceneMeshObject.cpp">
      <Filter>Source Files</Filter>
    </ClCompile>
    <ClCompile Include="SimplePass.cpp">
      <Filter>Source Files</Filter>
    </ClCompile>
    <ClCompile Include="RenderTargetManager.cpp">
      <Filter>Source Files</Filter>
    </ClCompile>
    <ClCompile Include="GBufferGenPass.cpp">
      <Filter>Source Files</Filter>
    </ClCompile>
    <ClCompile Include="GBufferGenPassShader.cpp">
      <Filter>Source Files</Filter>
    </ClCompile>
    <ClCompile Include="LightViewPass.cpp">
      <Filter>Source Files</Filter>
    </ClCompile>
    <ClCompile Include="LightViewPassShader.cpp">
      <Filter>Source Files</Filter>
    </ClCompile>
    <ClCompile Include="DrawCalls.cpp">
      <Filter>Source Files</Filter>
    </ClCompile>
    <ClCompile Include="TextureLoader.cpp">
      <Filter>Source Files</Filter>
    </ClCompile>
    <ClCompile Include="ShowTexturePass.cpp">
      <Filter>Source Files</Filter>
    </ClCompile>
    <ClCompile Include="ShowTexturePassShader.cpp">
      <Filter>Source Files</Filter>
    </ClCompile>
    <ClCompile Include="ConfigFile.cpp">
      <Filter>Source Files</Filter>
    </ClCompile>
    <ClCompile Include="LayerPass.cpp">
      <Filter>Source Files</Filter>
    </ClCompile>
    <ClCompile Include="LayerPassShader.cpp">
      <Filter>Source Files</Filter>
    </ClCompile>
  </ItemGroup>
  <ItemGroup>
    <None Include="shader\buffergen.fs.glsl">
      <Filter>shader</Filter>
    </None>
    <None Include="shader\buffergen.vs.glsl">
      <Filter>shader</Filter>
    </None>
    <None Include="shader\lightviewpass.fs.glsl">
      <Filter>shader</Filter>
    </None>
    <None Include="shader\showtex.fs.glsl">
      <Filter>shader</Filter>
    </None>
    <None Include="shader\showtex.vs.glsl">
      <Filter>shader</Filter>
    </None>
    <None Include="shader\simplepass.fs.glsl">
      <Filter>shader</Filter>
    </None>
    <None Include="shader\simplepass.vs.glsl">
      <Filter>shader</Filter>
    </None>
    <None Include="shader\layerpass.fs.glsl">
      <Filter>shader</Filter>
    </None>
    <None Include="shader\layerpass.vs.glsl">
      <Filter>shader</Filter>
    </None>
  </ItemGroup>
</Project>